
Microsoft Visual Studio Solution File, Format Version 12.00
# Visual Studio Version 16
VisualStudioVersion = 16.0.31515.178
MinimumVisualStudioVersion = 10.0.40219.1
Project("{FAE04EC0-301F-11D3-BF4B-00C04F79EFBC}") = "WebApplication53_CallApi", "WebApplication53_CallApi.csproj", "{CCFB4514-0191-459C-8172-C30066064841}"
EndProject
Global
	GlobalSection(SolutionConfigurationPlatforms) = preSolution
		Debug|Any CPU = Debug|Any CPU
		Release|Any CPU = Release|Any CPU
	EndGlobalSection
	GlobalSection(ProjectConfigurationPlatforms) = postSolution
		{CCFB4514-0191-459C-8172-C30066064841}.Debug|Any CPU.ActiveCfg = Debug|Any CPU
		{CCFB4514-0191-459C-8172-C30066064841}.Debug|Any CPU.Build.0 = Debug|Any CPU
		{CCFB4514-0191-459C-8172-C30066064841}.Release|Any CPU.ActiveCfg = Release|Any CPU
		{CCFB4514-0191-459C-8172-C30066064841}.Release|Any CPU.Build.0 = Release|Any CPU
	EndGlobalSection
	GlobalSection(SolutionProperties) = preSolution
		HideSolutionNode = FALSE
	EndGlobalSection
	GlobalSection(ExtensibilityGlobals) = postSolution
		SolutionGuid = {161D11F5-C570-4984-98F9-789075B87E71}
	EndGlobalSection
EndGlobal
